
Microsoft Visual Studio Solution File, Format Version 12.00
# Visual Studio Version 16
VisualStudioVersion = 16.0.30104.148
MinimumVisualStudioVersion = 10.0.40219.1
Project("{6EC3EE1D-3C4E-46DD-8F32-0CC8E7565705}") = "AddressBook", "AddressBook\AddressBook.fsproj", "{913DD993-274E-443E-82DB-A3F1DE107903}"
EndProject
Project("{6EC3EE1D-3C4E-46DD-8F32-0CC8E7565705}") = "AddressBook.CLI", "AddressBook.CLI\AddressBook.CLI.fsproj", "{3429234A-EE01-4534-9A30-E9BD5F8F6C6E}"
EndProject
Project("{6EC3EE1D-3C4E-46DD-8F32-0CC8E7565705}") = "AddressBook.Tests", "AddressBook.Tests\AddressBook.Tests.fsproj", "{0DC4A5D8-5EC3-4A17-8720-EA25A8683315}"
EndProject
Global
	GlobalSection(SolutionConfigurationPlatforms) = preSolution
		Debug|Any CPU = Debug|Any CPU
		Release|Any CPU = Release|Any CPU
	EndGlobalSection
	GlobalSection(ProjectConfigurationPlatforms) = postSolution
		{913DD993-274E-443E-82DB-A3F1DE107903}.Debug|Any CPU.ActiveCfg = Debug|Any CPU
		{913DD993-274E-443E-82DB-A3F1DE107903}.Debug|Any CPU.Build.0 = Debug|Any CPU
		{913DD993-274E-443E-82DB-A3F1DE107903}.Release|Any CPU.ActiveCfg = Release|Any CPU
		{913DD993-274E-443E-82DB-A3F1DE107903}.Release|Any CPU.Build.0 = Release|Any CPU
		{3429234A-EE01-4534-9A30-E9BD5F8F6C6E}.Debug|Any CPU.ActiveCfg = Debug|Any CPU
		{3429234A-EE01-4534-9A30-E9BD5F8F6C6E}.Debug|Any CPU.Build.0 = Debug|Any CPU
		{3429234A-EE01-4534-9A30-E9BD5F8F6C6E}.Release|Any CPU.ActiveCfg = Release|Any CPU
		{3429234A-EE01-4534-9A30-E9BD5F8F6C6E}.Release|Any CPU.Build.0 = Release|Any CPU
		{0DC4A5D8-5EC3-4A17-8720-EA25A8683315}.Debug|Any CPU.ActiveCfg = Debug|Any CPU
		{0DC4A5D8-5EC3-4A17-8720-EA25A8683315}.Debug|Any CPU.Build.0 = Debug|Any CPU
		{0DC4A5D8-5EC3-4A17-8720-EA25A8683315}.Release|Any CPU.ActiveCfg = Release|Any CPU
		{0DC4A5D8-5EC3-4A17-8720-EA25A8683315}.Release|Any CPU.Build.0 = Release|Any CPU
	EndGlobalSection
	GlobalSection(SolutionProperties) = preSolution
		HideSolutionNode = FALSE
	EndGlobalSection
	GlobalSection(ExtensibilityGlobals) = postSolution
		SolutionGuid = {3122A53A-2C5A-4F10-A6C7-DE9544A830DA}
	EndGlobalSection
EndGlobal
